Microsoft Visual Studio Solution File, Format Version 12.00
# Visual Studio 2012
<<<<<<< HEAD
Project("{FAE04EC0-301F-11D3-BF4B-00C04F79EFBC}") = "DENIARD", "DENIARD.csproj", "{4E3D1125-535D-4850-9D22-3CC75D08A2AA}"
=======
Project("{FAE04EC0-301F-11D3-BF4B-00C04F79EFBC}") = "DENIARD", "DENIARD.csproj", "{7F277175-7A67-4BA6-BACF-DE00F3D6BB24}"
>>>>>>> 36d2e4e6e20f84033ec3b192c57099586e66094a
EndProject
Global
	GlobalSection(SolutionConfigurationPlatforms) = preSolution
	Debug|Any CPU = Debug|Any CPU
	ExportDebug|Any CPU = ExportDebug|Any CPU
	ExportRelease|Any CPU = ExportRelease|Any CPU
	EndGlobalSection
	GlobalSection(ProjectConfigurationPlatforms) = postSolution
<<<<<<< HEAD
		{4E3D1125-535D-4850-9D22-3CC75D08A2AA}.Debug|Any CPU.ActiveCfg = Debug|Any CPU
		{4E3D1125-535D-4850-9D22-3CC75D08A2AA}.Debug|Any CPU.Build.0 = Debug|Any CPU
		{4E3D1125-535D-4850-9D22-3CC75D08A2AA}.ExportDebug|Any CPU.ActiveCfg = ExportDebug|Any CPU
		{4E3D1125-535D-4850-9D22-3CC75D08A2AA}.ExportDebug|Any CPU.Build.0 = ExportDebug|Any CPU
		{4E3D1125-535D-4850-9D22-3CC75D08A2AA}.ExportRelease|Any CPU.ActiveCfg = ExportRelease|Any CPU
		{4E3D1125-535D-4850-9D22-3CC75D08A2AA}.ExportRelease|Any CPU.Build.0 = ExportRelease|Any CPU
=======
		{7F277175-7A67-4BA6-BACF-DE00F3D6BB24}.Debug|Any CPU.ActiveCfg = Debug|Any CPU
		{7F277175-7A67-4BA6-BACF-DE00F3D6BB24}.Debug|Any CPU.Build.0 = Debug|Any CPU
		{7F277175-7A67-4BA6-BACF-DE00F3D6BB24}.ExportDebug|Any CPU.ActiveCfg = ExportDebug|Any CPU
		{7F277175-7A67-4BA6-BACF-DE00F3D6BB24}.ExportDebug|Any CPU.Build.0 = ExportDebug|Any CPU
		{7F277175-7A67-4BA6-BACF-DE00F3D6BB24}.ExportRelease|Any CPU.ActiveCfg = ExportRelease|Any CPU
		{7F277175-7A67-4BA6-BACF-DE00F3D6BB24}.ExportRelease|Any CPU.Build.0 = ExportRelease|Any CPU
>>>>>>> 36d2e4e6e20f84033ec3b192c57099586e66094a
	EndGlobalSection
EndGlobal
