Microsoft Visual Studio Solution File, Format Version 12.00
# Visual Studio 2012
Project("{FAE04EC0-301F-11D3-BF4B-00C04F79EFBC}") = "DENIARD", "DENIARD.csproj", "{6CC81B18-FDEB-4E69-BBCC-DAD3FF22FEF9}"
EndProject
Global
	GlobalSection(SolutionConfigurationPlatforms) = preSolution
	Debug|Any CPU = Debug|Any CPU
	ExportDebug|Any CPU = ExportDebug|Any CPU
	ExportRelease|Any CPU = ExportRelease|Any CPU
	EndGlobalSection
	GlobalSection(ProjectConfigurationPlatforms) = postSolution
		{6CC81B18-FDEB-4E69-BBCC-DAD3FF22FEF9}.Debug|Any CPU.ActiveCfg = Debug|Any CPU
		{6CC81B18-FDEB-4E69-BBCC-DAD3FF22FEF9}.Debug|Any CPU.Build.0 = Debug|Any CPU
		{6CC81B18-FDEB-4E69-BBCC-DAD3FF22FEF9}.ExportDebug|Any CPU.ActiveCfg = ExportDebug|Any CPU
		{6CC81B18-FDEB-4E69-BBCC-DAD3FF22FEF9}.ExportDebug|Any CPU.Build.0 = ExportDebug|Any CPU
		{6CC81B18-FDEB-4E69-BBCC-DAD3FF22FEF9}.ExportRelease|Any CPU.ActiveCfg = ExportRelease|Any CPU
		{6CC81B18-FDEB-4E69-BBCC-DAD3FF22FEF9}.ExportRelease|Any CPU.Build.0 = ExportRelease|Any CPU
	EndGlobalSection
EndGlobal
